# This file is autogenerated, do not edit; changes may be undone by the next 'dep ensure'.


[[projects]]
  branch = "master"
  name = "github.com/gcinterceptor/gci-go"
  packages = ["gccontrol"]
  revision = "c942d39925fb451f367d5bad6c01e7b07139389a"

[solve-meta]
  analyzer-name = "dep"
  analyzer-version = 1
  inputs-digest = "006bbc28437a68772c6fc62fb4a28dded506b67f7c857c949cc63f0ed60855cf"
  solver-name = "gps-cdcl"
  solver-version = 1
